
Microsoft Visual Studio Solution File, Format Version 12.00
# Visual Studio Version 17
VisualStudioVersion = 17.1.32421.90
MinimumVisualStudioVersion = 10.0.40219.1
Project("{FAE04EC0-301F-11D3-BF4B-00C04F79EFBC}") = "Prob_16_Part_2", "Prob_16_Part_2.csproj", "{90B4BF13-8D50-44F1-B5F9-AD3F4EAA900D}"
EndProject
Global
	GlobalSection(SolutionConfigurationPlatforms) = preSolution
		Debug|Any CPU = Debug|Any CPU
		Release|Any CPU = Release|Any CPU
	EndGlobalSection
	GlobalSection(ProjectConfigurationPlatforms) = postSolution
		{90B4BF13-8D50-44F1-B5F9-AD3F4EAA900D}.Debug|Any CPU.ActiveCfg = Debug|Any CPU
		{90B4BF13-8D50-44F1-B5F9-AD3F4EAA900D}.Debug|Any CPU.Build.0 = Debug|Any CPU
		{90B4BF13-8D50-44F1-B5F9-AD3F4EAA900D}.Release|Any CPU.ActiveCfg = Release|Any CPU
		{90B4BF13-8D50-44F1-B5F9-AD3F4EAA900D}.Release|Any CPU.Build.0 = Release|Any CPU
	EndGlobalSection
	GlobalSection(SolutionProperties) = preSolution
		HideSolutionNode = FALSE
	EndGlobalSection
	GlobalSection(ExtensibilityGlobals) = postSolution
		SolutionGuid = {33AD416E-052F-44BF-B4B2-31F31F117155}
	EndGlobalSection
EndGlobal
