
Microsoft Visual Studio Solution File, Format Version 12.00
# Visual Studio Version 17
VisualStudioVersion = 17.1.32421.90
MinimumVisualStudioVersion = 10.0.40219.1
Project("{FAE04EC0-301F-11D3-BF4B-00C04F79EFBC}") = "Prob_3_Part_1", "Prob_3_Part_1.csproj", "{95CDE9BD-3BEC-489E-A1A8-C3194D429930}"
EndProject
Global
	GlobalSection(SolutionConfigurationPlatforms) = preSolution
		Debug|Any CPU = Debug|Any CPU
		Release|Any CPU = Release|Any CPU
	EndGlobalSection
	GlobalSection(ProjectConfigurationPlatforms) = postSolution
		{95CDE9BD-3BEC-489E-A1A8-C3194D429930}.Debug|Any CPU.ActiveCfg = Debug|Any CPU
		{95CDE9BD-3BEC-489E-A1A8-C3194D429930}.Debug|Any CPU.Build.0 = Debug|Any CPU
		{95CDE9BD-3BEC-489E-A1A8-C3194D429930}.Release|Any CPU.ActiveCfg = Release|Any CPU
		{95CDE9BD-3BEC-489E-A1A8-C3194D429930}.Release|Any CPU.Build.0 = Release|Any CPU
	EndGlobalSection
	GlobalSection(SolutionProperties) = preSolution
		HideSolutionNode = FALSE
	EndGlobalSection
	GlobalSection(ExtensibilityGlobals) = postSolution
		SolutionGuid = {35852B54-046F-496E-A59B-9EA06395C489}
	EndGlobalSection
EndGlobal
