
Microsoft Visual Studio Solution File, Format Version 12.00
# Visual Studio Version 17
VisualStudioVersion = 17.1.32421.90
MinimumVisualStudioVersion = 10.0.40219.1
Project("{FAE04EC0-301F-11D3-BF4B-00C04F79EFBC}") = "Prob_4_Part_1", "Prob_4_Part_1.csproj", "{1DD2272A-FA54-48A1-A46A-756525D19C8B}"
EndProject
Global
	GlobalSection(SolutionConfigurationPlatforms) = preSolution
		Debug|Any CPU = Debug|Any CPU
		Release|Any CPU = Release|Any CPU
	EndGlobalSection
	GlobalSection(ProjectConfigurationPlatforms) = postSolution
		{1DD2272A-FA54-48A1-A46A-756525D19C8B}.Debug|Any CPU.ActiveCfg = Debug|Any CPU
		{1DD2272A-FA54-48A1-A46A-756525D19C8B}.Debug|Any CPU.Build.0 = Debug|Any CPU
		{1DD2272A-FA54-48A1-A46A-756525D19C8B}.Release|Any CPU.ActiveCfg = Release|Any CPU
		{1DD2272A-FA54-48A1-A46A-756525D19C8B}.Release|Any CPU.Build.0 = Release|Any CPU
	EndGlobalSection
	GlobalSection(SolutionProperties) = preSolution
		HideSolutionNode = FALSE
	EndGlobalSection
	GlobalSection(ExtensibilityGlobals) = postSolution
		SolutionGuid = {DC9E26A3-BA11-4857-8FEF-EA1A713C93DB}
	EndGlobalSection
EndGlobal
