
Microsoft Visual Studio Solution File, Format Version 12.00
# Visual Studio Version 17
VisualStudioVersion = 17.1.32421.90
MinimumVisualStudioVersion = 10.0.40219.1
Project("{FAE04EC0-301F-11D3-BF4B-00C04F79EFBC}") = "Prob_3_Part_2", "Prob_3_Part_2.csproj", "{0DF47D5A-AB95-4C35-9FEF-13234E0F66E9}"
EndProject
Global
	GlobalSection(SolutionConfigurationPlatforms) = preSolution
		Debug|Any CPU = Debug|Any CPU
		Release|Any CPU = Release|Any CPU
	EndGlobalSection
	GlobalSection(ProjectConfigurationPlatforms) = postSolution
		{0DF47D5A-AB95-4C35-9FEF-13234E0F66E9}.Debug|Any CPU.ActiveCfg = Debug|Any CPU
		{0DF47D5A-AB95-4C35-9FEF-13234E0F66E9}.Debug|Any CPU.Build.0 = Debug|Any CPU
		{0DF47D5A-AB95-4C35-9FEF-13234E0F66E9}.Release|Any CPU.ActiveCfg = Release|Any CPU
		{0DF47D5A-AB95-4C35-9FEF-13234E0F66E9}.Release|Any CPU.Build.0 = Release|Any CPU
	EndGlobalSection
	GlobalSection(SolutionProperties) = preSolution
		HideSolutionNode = FALSE
	EndGlobalSection
	GlobalSection(ExtensibilityGlobals) = postSolution
		SolutionGuid = {07C1E4F0-5A31-4E3D-95E1-3A2B55681986}
	EndGlobalSection
EndGlobal
