
Microsoft Visual Studio Solution File, Format Version 12.00
# Visual Studio Version 17
VisualStudioVersion = 17.1.32421.90
MinimumVisualStudioVersion = 10.0.40219.1
Project("{FAE04EC0-301F-11D3-BF4B-00C04F79EFBC}") = "Prob_18_Part_1", "Prob_18_Part_1.csproj", "{C908FC1B-32DD-429F-911C-331F57A852EA}"
EndProject
Global
	GlobalSection(SolutionConfigurationPlatforms) = preSolution
		Debug|Any CPU = Debug|Any CPU
		Release|Any CPU = Release|Any CPU
	EndGlobalSection
	GlobalSection(ProjectConfigurationPlatforms) = postSolution
		{C908FC1B-32DD-429F-911C-331F57A852EA}.Debug|Any CPU.ActiveCfg = Debug|Any CPU
		{C908FC1B-32DD-429F-911C-331F57A852EA}.Debug|Any CPU.Build.0 = Debug|Any CPU
		{C908FC1B-32DD-429F-911C-331F57A852EA}.Release|Any CPU.ActiveCfg = Release|Any CPU
		{C908FC1B-32DD-429F-911C-331F57A852EA}.Release|Any CPU.Build.0 = Release|Any CPU
	EndGlobalSection
	GlobalSection(SolutionProperties) = preSolution
		HideSolutionNode = FALSE
	EndGlobalSection
	GlobalSection(ExtensibilityGlobals) = postSolution
		SolutionGuid = {23BFFD55-CC3C-4047-8D1B-4CAE20EC8FF6}
	EndGlobalSection
EndGlobal
