
Microsoft Visual Studio Solution File, Format Version 12.00
# Visual Studio Version 17
VisualStudioVersion = 17.1.32421.90
MinimumVisualStudioVersion = 10.0.40219.1
Project("{FAE04EC0-301F-11D3-BF4B-00C04F79EFBC}") = "Prob_7_Part_1", "Prob_7_Part_1.csproj", "{EE6158A2-2D8A-4BAE-BCF7-2A3C524AFDC6}"
EndProject
Global
	GlobalSection(SolutionConfigurationPlatforms) = preSolution
		Debug|Any CPU = Debug|Any CPU
		Release|Any CPU = Release|Any CPU
	EndGlobalSection
	GlobalSection(ProjectConfigurationPlatforms) = postSolution
		{EE6158A2-2D8A-4BAE-BCF7-2A3C524AFDC6}.Debug|Any CPU.ActiveCfg = Debug|Any CPU
		{EE6158A2-2D8A-4BAE-BCF7-2A3C524AFDC6}.Debug|Any CPU.Build.0 = Debug|Any CPU
		{EE6158A2-2D8A-4BAE-BCF7-2A3C524AFDC6}.Release|Any CPU.ActiveCfg = Release|Any CPU
		{EE6158A2-2D8A-4BAE-BCF7-2A3C524AFDC6}.Release|Any CPU.Build.0 = Release|Any CPU
	EndGlobalSection
	GlobalSection(SolutionProperties) = preSolution
		HideSolutionNode = FALSE
	EndGlobalSection
	GlobalSection(ExtensibilityGlobals) = postSolution
		SolutionGuid = {B87F037F-C8AE-4079-BBF9-DDB8BD6C7D33}
	EndGlobalSection
EndGlobal
