
Microsoft Visual Studio Solution File, Format Version 12.00
# Visual Studio Version 17
VisualStudioVersion = 17.1.32421.90
MinimumVisualStudioVersion = 10.0.40219.1
Project("{FAE04EC0-301F-11D3-BF4B-00C04F79EFBC}") = "Prob_17_Part_1", "Prob_17_Part_1.csproj", "{B063843D-E3D1-4FD4-A906-62FF412BBD65}"
EndProject
Global
	GlobalSection(SolutionConfigurationPlatforms) = preSolution
		Debug|Any CPU = Debug|Any CPU
		Release|Any CPU = Release|Any CPU
	EndGlobalSection
	GlobalSection(ProjectConfigurationPlatforms) = postSolution
		{B063843D-E3D1-4FD4-A906-62FF412BBD65}.Debug|Any CPU.ActiveCfg = Debug|Any CPU
		{B063843D-E3D1-4FD4-A906-62FF412BBD65}.Debug|Any CPU.Build.0 = Debug|Any CPU
		{B063843D-E3D1-4FD4-A906-62FF412BBD65}.Release|Any CPU.ActiveCfg = Release|Any CPU
		{B063843D-E3D1-4FD4-A906-62FF412BBD65}.Release|Any CPU.Build.0 = Release|Any CPU
	EndGlobalSection
	GlobalSection(SolutionProperties) = preSolution
		HideSolutionNode = FALSE
	EndGlobalSection
	GlobalSection(ExtensibilityGlobals) = postSolution
		SolutionGuid = {AABBBD9A-F50D-485F-8C2F-DC5F135E4D3B}
	EndGlobalSection
EndGlobal
