
Microsoft Visual Studio Solution File, Format Version 12.00
# Visual Studio Version 17
VisualStudioVersion = 17.7.34031.279
MinimumVisualStudioVersion = 10.0.40219.1
Project("{FAE04EC0-301F-11D3-BF4B-00C04F79EFBC}") = "Prob_15_Part_1", "Prob_15_Part_1.csproj", "{146134D2-3C1B-4E68-BF11-D4F018CCC838}"
EndProject
Global
	GlobalSection(SolutionConfigurationPlatforms) = preSolution
		Debug|Any CPU = Debug|Any CPU
		Release|Any CPU = Release|Any CPU
	EndGlobalSection
	GlobalSection(ProjectConfigurationPlatforms) = postSolution
		{146134D2-3C1B-4E68-BF11-D4F018CCC838}.Debug|Any CPU.ActiveCfg = Debug|Any CPU
		{146134D2-3C1B-4E68-BF11-D4F018CCC838}.Debug|Any CPU.Build.0 = Debug|Any CPU
		{146134D2-3C1B-4E68-BF11-D4F018CCC838}.Release|Any CPU.ActiveCfg = Release|Any CPU
		{146134D2-3C1B-4E68-BF11-D4F018CCC838}.Release|Any CPU.Build.0 = Release|Any CPU
	EndGlobalSection
	GlobalSection(SolutionProperties) = preSolution
		HideSolutionNode = FALSE
	EndGlobalSection
	GlobalSection(ExtensibilityGlobals) = postSolution
		SolutionGuid = {03B14290-E398-48BC-923A-9F239444C808}
	EndGlobalSection
EndGlobal
