
Microsoft Visual Studio Solution File, Format Version 12.00
# Visual Studio Version 17
VisualStudioVersion = 17.1.32421.90
MinimumVisualStudioVersion = 10.0.40219.1
Project("{FAE04EC0-301F-11D3-BF4B-00C04F79EFBC}") = "Prob_13_Part_1", "Prob_13_Part_1.csproj", "{EA787653-FF1F-4624-AC05-19FC18BC57EE}"
EndProject
Global
	GlobalSection(SolutionConfigurationPlatforms) = preSolution
		Debug|Any CPU = Debug|Any CPU
		Release|Any CPU = Release|Any CPU
	EndGlobalSection
	GlobalSection(ProjectConfigurationPlatforms) = postSolution
		{EA787653-FF1F-4624-AC05-19FC18BC57EE}.Debug|Any CPU.ActiveCfg = Debug|Any CPU
		{EA787653-FF1F-4624-AC05-19FC18BC57EE}.Debug|Any CPU.Build.0 = Debug|Any CPU
		{EA787653-FF1F-4624-AC05-19FC18BC57EE}.Release|Any CPU.ActiveCfg = Release|Any CPU
		{EA787653-FF1F-4624-AC05-19FC18BC57EE}.Release|Any CPU.Build.0 = Release|Any CPU
	EndGlobalSection
	GlobalSection(SolutionProperties) = preSolution
		HideSolutionNode = FALSE
	EndGlobalSection
	GlobalSection(ExtensibilityGlobals) = postSolution
		SolutionGuid = {19EFF660-1370-4B56-AB77-7632606ADE3C}
	EndGlobalSection
EndGlobal
