
Microsoft Visual Studio Solution File, Format Version 12.00
# Visual Studio Version 17
VisualStudioVersion = 17.7.34031.279
MinimumVisualStudioVersion = 10.0.40219.1
Project("{FAE04EC0-301F-11D3-BF4B-00C04F79EFBC}") = "Prob_14_Part_1", "Prob_14_Part_1.csproj", "{F2B84B64-DE81-4E0E-8C65-18B09D094696}"
EndProject
Global
	GlobalSection(SolutionConfigurationPlatforms) = preSolution
		Debug|Any CPU = Debug|Any CPU
		Release|Any CPU = Release|Any CPU
	EndGlobalSection
	GlobalSection(ProjectConfigurationPlatforms) = postSolution
		{F2B84B64-DE81-4E0E-8C65-18B09D094696}.Debug|Any CPU.ActiveCfg = Debug|Any CPU
		{F2B84B64-DE81-4E0E-8C65-18B09D094696}.Debug|Any CPU.Build.0 = Debug|Any CPU
		{F2B84B64-DE81-4E0E-8C65-18B09D094696}.Release|Any CPU.ActiveCfg = Release|Any CPU
		{F2B84B64-DE81-4E0E-8C65-18B09D094696}.Release|Any CPU.Build.0 = Release|Any CPU
	EndGlobalSection
	GlobalSection(SolutionProperties) = preSolution
		HideSolutionNode = FALSE
	EndGlobalSection
	GlobalSection(ExtensibilityGlobals) = postSolution
		SolutionGuid = {9A3764B2-FEAB-4288-BA64-CFDE2C5B7B8D}
	EndGlobalSection
EndGlobal
