
Microsoft Visual Studio Solution File, Format Version 12.00
# Visual Studio Version 17
VisualStudioVersion = 17.1.32421.90
MinimumVisualStudioVersion = 10.0.40219.1
Project("{FAE04EC0-301F-11D3-BF4B-00C04F79EFBC}") = "Prob_2_Part_1", "Prob_2_Part_1.csproj", "{82217C33-CDE2-4276-965F-50A8651E1F1D}"
EndProject
Global
	GlobalSection(SolutionConfigurationPlatforms) = preSolution
		Debug|Any CPU = Debug|Any CPU
		Release|Any CPU = Release|Any CPU
	EndGlobalSection
	GlobalSection(ProjectConfigurationPlatforms) = postSolution
		{82217C33-CDE2-4276-965F-50A8651E1F1D}.Debug|Any CPU.ActiveCfg = Debug|Any CPU
		{82217C33-CDE2-4276-965F-50A8651E1F1D}.Debug|Any CPU.Build.0 = Debug|Any CPU
		{82217C33-CDE2-4276-965F-50A8651E1F1D}.Release|Any CPU.ActiveCfg = Release|Any CPU
		{82217C33-CDE2-4276-965F-50A8651E1F1D}.Release|Any CPU.Build.0 = Release|Any CPU
	EndGlobalSection
	GlobalSection(SolutionProperties) = preSolution
		HideSolutionNode = FALSE
	EndGlobalSection
	GlobalSection(ExtensibilityGlobals) = postSolution
		SolutionGuid = {3783E8B9-D6C5-47E9-8016-483D633F9F45}
	EndGlobalSection
EndGlobal
