
Microsoft Visual Studio Solution File, Format Version 12.00
# Visual Studio Version 17
VisualStudioVersion = 17.1.32421.90
MinimumVisualStudioVersion = 10.0.40219.1
Project("{FAE04EC0-301F-11D3-BF4B-00C04F79EFBC}") = "Prob_4_Part_2", "Prob_4_Part_2.csproj", "{ACC51AAB-291A-4D04-9D6A-ECAFA6AC3DB4}"
EndProject
Global
	GlobalSection(SolutionConfigurationPlatforms) = preSolution
		Debug|Any CPU = Debug|Any CPU
		Release|Any CPU = Release|Any CPU
	EndGlobalSection
	GlobalSection(ProjectConfigurationPlatforms) = postSolution
		{ACC51AAB-291A-4D04-9D6A-ECAFA6AC3DB4}.Debug|Any CPU.ActiveCfg = Debug|Any CPU
		{ACC51AAB-291A-4D04-9D6A-ECAFA6AC3DB4}.Debug|Any CPU.Build.0 = Debug|Any CPU
		{ACC51AAB-291A-4D04-9D6A-ECAFA6AC3DB4}.Release|Any CPU.ActiveCfg = Release|Any CPU
		{ACC51AAB-291A-4D04-9D6A-ECAFA6AC3DB4}.Release|Any CPU.Build.0 = Release|Any CPU
	EndGlobalSection
	GlobalSection(SolutionProperties) = preSolution
		HideSolutionNode = FALSE
	EndGlobalSection
	GlobalSection(ExtensibilityGlobals) = postSolution
		SolutionGuid = {52A79A58-7947-4B43-ADFC-503D1CCE9E59}
	EndGlobalSection
EndGlobal
